
Microsoft Visual Studio Solution File, Format Version 12.00
# Visual Studio Version 16
VisualStudioVersion = 16.0.30204.135
MinimumVisualStudioVersion = 10.0.40219.1
Project("{8BC9CEB8-8B4A-11D0-8D11-00A0C91BC942}") = "PuzzleSolver_opencv", "PuzzleSolver_opencv\PuzzleSolver_opencv.vcxproj", "{CCB9D627-D291-4E07-AFC5-D06FD2AE84DA}"
EndProject
Global
	GlobalSection(SolutionConfigurationPlatforms) = preSolution
		Debug|x64 = Debug|x64
		Debug|x86 = Debug|x86
		Release|x64 = Release|x64
		Release|x86 = Release|x86
	EndGlobalSection
	GlobalSection(ProjectConfigurationPlatforms) = postSolution
		{CCB9D627-D291-4E07-AFC5-D06FD2AE84DA}.Debug|x64.ActiveCfg = Debug|x64
		{CCB9D627-D291-4E07-AFC5-D06FD2AE84DA}.Debug|x64.Build.0 = Debug|x64
		{CCB9D627-D291-4E07-AFC5-D06FD2AE84DA}.Debug|x86.ActiveCfg = Debug|Win32
		{CCB9D627-D291-4E07-AFC5-D06FD2AE84DA}.Debug|x86.Build.0 = Debug|Win32
		{CCB9D627-D291-4E07-AFC5-D06FD2AE84DA}.Release|x64.ActiveCfg = Release|x64
		{CCB9D627-D291-4E07-AFC5-D06FD2AE84DA}.Release|x64.Build.0 = Release|x64
		{CCB9D627-D291-4E07-AFC5-D06FD2AE84DA}.Release|x86.ActiveCfg = Release|Win32
		{CCB9D627-D291-4E07-AFC5-D06FD2AE84DA}.Release|x86.Build.0 = Release|Win32
	EndGlobalSection
	GlobalSection(SolutionProperties) = preSolution
		HideSolutionNode = FALSE
	EndGlobalSection
	GlobalSection(ExtensibilityGlobals) = postSolution
		SolutionGuid = {7EE99FF2-C003-424C-A85C-E4A1DD8A58F2}
	EndGlobalSection
EndGlobal
